
Microsoft Visual Studio Solution File, Format Version 12.00
# Visual Studio 15
VisualStudioVersion = 15.0.28307.438
MinimumVisualStudioVersion = 10.0.40219.1
Project("{8BC9CEB8-8B4A-11D0-8D11-00A0C91BC942}") = "KZup3", "KZup3\KZup3.vcxproj", "{83A2E115-C4A5-49BB-9498-E781EF95DCDB}"
EndProject
Global
	GlobalSection(SolutionConfigurationPlatforms) = preSolution
		Debug|x64 = Debug|x64
		Debug|x86 = Debug|x86
		Release|x64 = Release|x64
		Release|x86 = Release|x86
	EndGlobalSection
	GlobalSection(ProjectConfigurationPlatforms) = postSolution
		{83A2E115-C4A5-49BB-9498-E781EF95DCDB}.Debug|x64.ActiveCfg = Debug|x64
		{83A2E115-C4A5-49BB-9498-E781EF95DCDB}.Debug|x64.Build.0 = Debug|x64
		{83A2E115-C4A5-49BB-9498-E781EF95DCDB}.Debug|x86.ActiveCfg = Debug|Win32
		{83A2E115-C4A5-49BB-9498-E781EF95DCDB}.Debug|x86.Build.0 = Debug|Win32
		{83A2E115-C4A5-49BB-9498-E781EF95DCDB}.Release|x64.ActiveCfg = Release|x64
		{83A2E115-C4A5-49BB-9498-E781EF95DCDB}.Release|x64.Build.0 = Release|x64
		{83A2E115-C4A5-49BB-9498-E781EF95DCDB}.Release|x86.ActiveCfg = Release|Win32
		{83A2E115-C4A5-49BB-9498-E781EF95DCDB}.Release|x86.Build.0 = Release|Win32
	EndGlobalSection
	GlobalSection(SolutionProperties) = preSolution
		HideSolutionNode = FALSE
	EndGlobalSection
	GlobalSection(ExtensibilityGlobals) = postSolution
		SolutionGuid = {0B614E66-5060-4A70-A8B3-FD8724FBB4C2}
	EndGlobalSection
EndGlobal
